// !$*UTF8*$!
{
	archiveVersion = 1;
	classes = {
	};
	objectVersion = 50;
	objects = {

/* Begin PBXBuildFile section */
		756EDEF12332F55100DE0411 /* AppDelegate.swift in Sources */ = {isa = PBXBuildFile; fileRef = 756EDEF02332F55100DE0411 /* AppDelegate.swift */; };
		756EDEF32332F55100DE0411 /* SceneDelegate.swift in Sources */ = {isa = PBXBuildFile; fileRef = 756EDEF22332F55100DE0411 /* SceneDelegate.swift */; };
		756EDEF52332F55100DE0411 /* ContentView.swift in Sources */ = {isa = PBXBuildFile; fileRef = 756EDEF42332F55100DE0411 /* ContentView.swift */; };
		756EDEF72332F55200DE0411 /* Assets.xcassets in Resources */ = {isa = PBXBuildFile; fileRef = 756EDEF62332F55200DE0411 /* Assets.xcassets */; };
		756EDEFA2332F55200DE0411 /* Preview Assets.xcassets in Resources */ = {isa = PBXBuildFile; fileRef = 756EDEF92332F55200DE0411 /* Preview Assets.xcassets */; };
		756EDEFD2332F55200DE0411 /* LaunchScreen.storyboard in Resources */ = {isa = PBXBuildFile; fileRef = 756EDEFB2332F55200DE0411 /* LaunchScreen.storyboard */; };
		756EDF082332F55200DE0411 /* iDineTests.swift in Sources */ = {isa = PBXBuildFile; fileRef = 756EDF072332F55200DE0411 /* iDineTests.swift */; };
		756EDF132332F55200DE0411 /* iDineUITests.swift in Sources */ = {isa = PBXBuildFile; fileRef = 756EDF122332F55200DE0411 /* iDineUITests.swift */; };
/* End PBXBuildFile section */

/* Begin PBXContainerItemProxy section */
		756EDF042332F55200DE0411 /* PBXContainerItemProxy */ = {
			isa = PBXContainerItemProxy;
			containerPortal = 756EDEE52332F55100DE0411 /* Project object */;
			proxyType = 1;
			remoteGlobalIDString = 756EDEEC2332F55100DE0411;
			remoteInfo = iDine;
		};
		756EDF0F2332F55200DE0411 /* PBXContainerItemProxy */ = {
			isa = PBXContainerItemProxy;
			containerPortal = 756EDEE52332F55100DE0411 /* Project object */;
			proxyType = 1;
			remoteGlobalIDString = 756EDEEC2332F55100DE0411;
			remoteInfo = iDine;
		};
/* End PBXContainerItemProxy section */

/* Begin PBXFileReference section */
		756EDEED2332F55100DE0411 /* iDine.app */ = {isa = PBXFileReference; explicitFileType = wrapper.application; includeInIndex = 0; path = iDine.app; sourceTree = BUILT_PRODUCTS_DIR; };
		756EDEF02332F55100DE0411 /* AppDelegate.swift */ = {isa = PBXFileReference; lastKnownFileType = sourcecode.swift; path = AppDelegate.swift; sourceTree = "<group>"; };
		756EDEF22332F55100DE0411 /* SceneDelegate.swift */ = {isa = PBXFileReference; lastKnownFileType = sourcecode.swift; path = SceneDelegate.swift; sourceTree = "<group>"; };
		756EDEF42332F55100DE0411 /* ContentView.swift */ = {isa = PBXFileReference; lastKnownFileType = sourcecode.swift; path = ContentView.swift; sourceTree = "<group>"; };
		756EDEF62332F55200DE0411 /* Assets.xcassets */ = {isa = PBXFileReference; lastKnownFileType = folder.assetcatalog; path = Assets.xcassets; sourceTree = "<group>"; };
		756EDEF92332F55200DE0411 /* Preview Assets.xcassets */ = {isa = PBXFileReference; lastKnownFileType = folder.assetcatalog; path = "Preview Assets.xcassets"; sourceTree = "<group>"; };
		756EDEFC2332F55200DE0411 /* Base */ = {isa = PBXFileReference; lastKnownFileType = file.storyboard; name = Base; path = Base.lproj/LaunchScreen.storyboard; sourceTree = "<group>"; };
		756EDEFE2332F55200DE0411 /* Info.plist */ = {isa = PBXFileReference; lastKnownFileType = text.plist.xml; path = Info.plist; sourceTree = "<group>"; };
		756EDF032332F55200DE0411 /* iDineTests.xctest */ = {isa = PBXFileReference; explicitFileType = wrapper.cfbundle; includeInIndex = 0; path = iDineTests.xctest; sourceTree = BUILT_PRODUCTS_DIR; };
		756EDF072332F55200DE0411 /* iDineTests.swift */ = {isa = PBXFileReference; lastKnownFileType = sourcecode.swift; path = iDineTests.swift; sourceTree = "<group>"; };
		756EDF092332F55200DE0411 /* Info.plist */ = {isa = PBXFileReference; lastKnownFileType = text.plist.xml; path = Info.plist; sourceTree = "<group>"; };
		756EDF0E2332F55200DE0411 /* iDineUITests.xctest */ = {isa = PBXFileReference; explicitFileType = wrapper.cfbundle; includeInIndex = 0; path = iDineUITests.xctest; sourceTree = BUILT_PRODUCTS_DIR; };
		756EDF122332F55200DE0411 /* iDineUITests.swift */ = {isa = PBXFileReference; lastKnownFileType = sourcecode.swift; path = iDineUITests.swift; sourceTree = "<group>"; };
		756EDF142332F55200DE0411 /* Info.plist */ = {isa = PBXFileReference; lastKnownFileType = text.plist.xml; path = Info.plist; sourceTree = "<group>"; };
/* End PBXFileReference section */

/* Begin PBXFrameworksBuildPhase section */
		756EDEEA2332F55100DE0411 /* Frameworks */ = {
			isa = PBXFrameworksBuildPhase;
			buildActionMask = 2147483647;
			files = (
			);
			runOnlyForDeploymentPostprocessing = 0;
		};
		756EDF002332F55200DE0411 /* Frameworks */ = {
			isa = PBXFrameworksBuildPhase;
			buildActionMask = 2147483647;
			files = (
			);
			runOnlyForDeploymentPostprocessing = 0;
		};
		756EDF0B2332F55200DE0411 /* Frameworks */ = {
			isa = PBXFrameworksBuildPhase;
			buildActionMask = 2147483647;
			files = (
			);
			runOnlyForDeploymentPostprocessing = 0;
		};
/* End PBXFrameworksBuildPhase section */

/* Begin PBXGroup section */
		756EDEE42332F55100DE0411 = {
			isa = PBXGroup;
			children = (
				756EDEEF2332F55100DE0411 /* iDine */,
				756EDF062332F55200DE0411 /* iDineTests */,
				756EDF112332F55200DE0411 /* iDineUITests */,
				756EDEEE2332F55100DE0411 /* Products */,
			);
			sourceTree = "<group>";
		};
		756EDEEE2332F55100DE0411 /* Products */ = {
			isa = PBXGroup;
			children = (
				756EDEED2332F55100DE0411 /* iDine.app */,
				756EDF032332F55200DE0411 /* iDineTests.xctest */,
				756EDF0E2332F55200DE0411 /* iDineUITests.xctest */,
			);
			name = Products;
			sourceTree = "<group>";
		};
		756EDEEF2332F55100DE0411 /* iDine */ = {
			isa = PBXGroup;
			children = (
				756EDEF02332F55100DE0411 /* AppDelegate.swift */,
				756EDEF22332F55100DE0411 /* SceneDelegate.swift */,
				756EDEF42332F55100DE0411 /* ContentView.swift */,
				756EDEF62332F55200DE0411 /* Assets.xcassets */,
				756EDEFB2332F55200DE0411 /* LaunchScreen.storyboard */,
				756EDEFE2332F55200DE0411 /* Info.plist */,
				756EDEF82332F55200DE0411 /* Preview Content */,
			);
			path = iDine;
			sourceTree = "<group>";
		};
		756EDEF82332F55200DE0411 /* Preview Content */ = {
			isa = PBXGroup;
			children = (
				756EDEF92332F55200DE0411 /* Preview Assets.xcassets */,
			);
			path = "Preview Content";
			sourceTree = "<group>";
		};
		756EDF062332F55200DE0411 /* iDineTests */ = {
			isa = PBXGroup;
			children = (
				756EDF072332F55200DE0411 /* iDineTests.swift */,
				756EDF092332F55200DE0411 /* Info.plist */,
			);
			path = iDineTests;
			sourceTree = "<group>";
		};
		756EDF112332F55200DE0411 /* iDineUITests */ = {
			isa = PBXGroup;
			children = (
				756EDF122332F55200DE0411 /* iDineUITests.swift */,
				756EDF142332F55200DE0411 /* Info.plist */,
			);
			path = iDineUITests;
			sourceTree = "<group>";
		};
/* End PBXGroup section */

/* Begin PBXNativeTarget section */
		756EDEEC2332F55100DE0411 /* iDine */ = {
			isa = PBXNativeTarget;
			buildConfigurationList = 756EDF172332F55200DE0411 /* Build configuration list for PBXNativeTarget "iDine" */;
			buildPhases = (
				756EDEE92332F55100DE0411 /* Sources */,
				756EDEEA2332F55100DE0411 /* Frameworks */,
				756EDEEB2332F55100DE0411 /* Resources */,
			);
			buildRules = (
			);
			dependencies = (
			);
			name = iDine;
			productName = iDine;
			productReference = 756EDEED2332F55100DE0411 /* iDine.app */;
			productType = "com.apple.product-type.application";
		};
		756EDF022332F55200DE0411 /* iDineTests */ = {
			isa = PBXNativeTarget;
			buildConfigurationList = 756EDF1A2332F55200DE0411 /* Build configuration list for PBXNativeTarget "iDineTests" */;
			buildPhases = (
				756EDEFF2332F55200DE0411 /* Sources */,
				756EDF002332F55200DE0411 /* Frameworks */,
				756EDF012332F55200DE0411 /* Resources */,
			);
			buildRules = (
			);
			dependencies = (
				756EDF052332F55200DE0411 /* PBXTargetDependency */,
			);
			name = iDineTests;
			productName = iDineTests;
			productReference = 756EDF032332F55200DE0411 /* iDineTests.xctest */;
			productType = "com.apple.product-type.bundle.unit-test";
		};
		756EDF0D2332F55200DE0411 /* iDineUITests */ = {
			isa = PBXNativeTarget;
			buildConfigurationList = 756EDF1D2332F55200DE0411 /* Build configuration list for PBXNativeTarget "iDineUITests" */;
			buildPhases = (
				756EDF0A2332F55200DE0411 /* Sources */,
				756EDF0B2332F55200DE0411 /* Frameworks */,
				756EDF0C2332F55200DE0411 /* Resources */,
			);
			buildRules = (
			);
			dependencies = (
				756EDF102332F55200DE0411 /* PBXTargetDependency */,
			);
			name = iDineUITests;
			productName = iDineUITests;
			productReference = 756EDF0E2332F55200DE0411 /* iDineUITests.xctest */;
			productType = "com.apple.product-type.bundle.ui-testing";
		};
/* End PBXNativeTarget section */

/* Begin PBXProject section */
		756EDEE52332F55100DE0411 /* Project object */ = {
			isa = PBXProject;
			attributes = {
				LastSwiftUpdateCheck = 1100;
				LastUpgradeCheck = 1100;
				ORGANIZATIONNAME = "Ashish Kenjale";
				TargetAttributes = {
					756EDEEC2332F55100DE0411 = {
						CreatedOnToolsVersion = 11.0;
					};
					756EDF022332F55200DE0411 = {
						CreatedOnToolsVersion = 11.0;
						TestTargetID = 756EDEEC2332F55100DE0411;
					};
					756EDF0D2332F55200DE0411 = {
						CreatedOnToolsVersion = 11.0;
						TestTargetID = 756EDEEC2332F55100DE0411;
					};
				};
			};
			buildConfigurationList = 756EDEE82332F55100DE0411 /* Build configuration list for PBXProject "iDine" */;
			compatibilityVersion = "Xcode 9.3";
			developmentRegion = en;
			hasScannedForEncodings = 0;
			knownRegions = (
				en,
				Base,
			);
			mainGroup = 756EDEE42332F55100DE0411;
			productRefGroup = 756EDEEE2332F55100DE0411 /* Products */;
			projectDirPath = "";
			projectRoot = "";
			targets = (
				756EDEEC2332F55100DE0411 /* iDine */,
				756EDF022332F55200DE0411 /* iDineTests */,
				756EDF0D2332F55200DE0411 /* iDineUITests */,
			);
		};
/* End PBXProject section */

/* Begin PBXResourcesBuildPhase section */
		756EDEEB2332F55100DE0411 /* Resources */ = {
			isa = PBXResourcesBuildPhase;
			buildActionMask = 2147483647;
			files = (
				756EDEFD2332F55200DE0411 /* LaunchScreen.storyboard in Resources */,
				756EDEFA2332F55200DE0411 /* Preview Assets.xcassets in Resources */,
				756EDEF72332F55200DE0411 /* Assets.xcassets in Resources */,
			);
			runOnlyForDeploymentPostprocessing = 0;
		};
		756EDF012332F55200DE0411 /* Resources */ = {
			isa = PBXResourcesBuildPhase;
			buildActionMask = 2147483647;
			files = (
			);
			runOnlyForDeploymentPostprocessing = 0;
		};
		756EDF0C2332F55200DE0411 /* Resources */ = {
			isa = PBXResourcesBuildPhase;
			buildActionMask = 2147483647;
			files = (
			);
			runOnlyForDeploymentPostprocessing = 0;
		};
/* End PBXResourcesBuildPhase section */

/* Begin PBXSourcesBuildPhase section */
		756EDEE92332F55100DE0411 /* Sources */ = {
			isa = PBXSourcesBuildPhase;
			buildActionMask = 2147483647;
			files = (
				756EDEF12332F55100DE0411 /* AppDelegate.swift in Sources */,
				756EDEF32332F55100DE0411 /* SceneDelegate.swift in Sources */,
				756EDEF52332F55100DE0411 /* ContentView.swift in Sources */,
			);
			runOnlyForDeploymentPostprocessing = 0;
		};
		756EDEFF2332F55200DE0411 /* Sources */ = {
			isa = PBXSourcesBuildPhase;
			buildActionMask = 2147483647;
			files = (
				756EDF082332F55200DE0411 /* iDineTests.swift in Sources */,
			);
			runOnlyForDeploymentPostprocessing = 0;
		};
		756EDF0A2332F55200DE0411 /* Sources */ = {
			isa = PBXSourcesBuildPhase;
			buildActionMask = 2147483647;
			files = (
				756EDF132332F55200DE0411 /* iDineUITests.swift in Sources */,
			);
			runOnlyForDeploymentPostprocessing = 0;
		};
/* End PBXSourcesBuildPhase section */

/* Begin PBXTargetDependency section */
		756EDF052332F55200DE0411 /* PBXTargetDependency */ = {
			isa = PBXTargetDependency;
			target = 756EDEEC2332F55100DE0411 /* iDine */;
			targetProxy = 756EDF042332F55200DE0411 /* PBXContainerItemProxy */;
		};
		756EDF102332F55200DE0411 /* PBXTargetDependency */ = {
			isa = PBXTargetDependency;
			target = 756EDEEC2332F55100DE0411 /* iDine */;
			targetProxy = 756EDF0F2332F55200DE0411 /* PBXContainerItemProxy */;
		};
/* End PBXTargetDependency section */

/* Begin PBXVariantGroup section */
		756EDEFB2332F55200DE0411 /* LaunchScreen.storyboard */ = {
			isa = PBXVariantGroup;
			children = (
				756EDEFC2332F55200DE0411 /* Base */,
			);
			name = LaunchScreen.storyboard;
			sourceTree = "<group>";
		};
/* End PBXVariantGroup section */

/* Begin XCBuildConfiguration section */
		756EDF152332F55200DE0411 /* Debug */ = {
			isa = XCBuildConfiguration;
			buildSettings = {
				ALWAYS_SEARCH_USER_PATHS = NO;
				CLANG_ANALYZER_NONNULL = YES;
				CLANG_ANALYZER_NUMBER_OBJECT_CONVERSION = YES_AGGRESSIVE;
				CLANG_CXX_LANGUAGE_STANDARD = "gnu++14";
				CLANG_CXX_LIBRARY = "libc++";
				CLANG_ENABLE_MODULES = YES;
				CLANG_ENABLE_OBJC_ARC = YES;
				CLANG_ENABLE_OBJC_WEAK = YES;
				CLANG_WARN_BLOCK_CAPTURE_AUTORELEASING = YES;
				CLANG_WARN_BOOL_CONVERSION = YES;
				CLANG_WARN_COMMA = YES;
				CLANG_WARN_CONSTANT_CONVERSION = YES;
				CLANG_WARN_DEPRECATED_OBJC_IMPLEMENTATIONS = YES;
				CLANG_WARN_DIRECT_OBJC_ISA_USAGE = YES_ERROR;
				CLANG_WARN_DOCUMENTATION_COMMENTS = YES;
				CLANG_WARN_EMPTY_BODY = YES;
				CLANG_WARN_ENUM_CONVERSION = YES;
				CLANG_WARN_INFINITE_RECURSION = YES;
				CLANG_WARN_INT_CONVERSION = YES;
				CLANG_WARN_NON_LITERAL_NULL_CONVERSION = YES;
				CLANG_WARN_OBJC_IMPLICIT_RETAIN_SELF = YES;
				CLANG_WARN_OBJC_LITERAL_CONVERSION = YES;
				CLANG_WARN_OBJC_ROOT_CLASS = YES_ERROR;
				CLANG_WARN_RANGE_LOOP_ANALYSIS = YES;
				CLANG_WARN_STRICT_PROTOTYPES = YES;
				CLANG_WARN_SUSPICIOUS_MOVE = YES;
				CLANG_WARN_UNGUARDED_AVAILABILITY = YES_AGGRESSIVE;
				CLANG_WARN_UNREACHABLE_CODE = YES;
				CLANG_WARN__DUPLICATE_METHOD_MATCH = YES;
				COPY_PHASE_STRIP = NO;
				DEBUG_INFORMATION_FORMAT = dwarf;
				ENABLE_STRICT_OBJC_MSGSEND = YES;
				ENABLE_TESTABILITY = YES;
				GCC_C_LANGUAGE_STANDARD = gnu11;
				GCC_DYNAMIC_NO_PIC = NO;
				GCC_NO_COMMON_BLOCKS = YES;
				GCC_OPTIMIZATION_LEVEL = 0;
				GCC_PREPROCESSOR_DEFINITIONS = (
					"DEBUG=1",
					"$(inherited)",
				);
				GCC_WARN_64_TO_32_BIT_CONVERSION = YES;
				GCC_WARN_ABOUT_RETURN_TYPE = YES_ERROR;
				GCC_WARN_UNDECLARED_SELECTOR = YES;
				GCC_WARN_UNINITIALIZED_AUTOS = YES_AGGRESSIVE;
				GCC_WARN_UNUSED_FUNCTION = YES;
				GCC_WARN_UNUSED_VARIABLE = YES;
				IPHONEOS_DEPLOYMENT_TARGET = 13.0;
				MTL_ENABLE_DEBUG_INFO = INCLUDE_SOURCE;
				MTL_FAST_MATH = YES;
				ONLY_ACTIVE_ARCH = YES;
				SDKROOT = iphoneos;
				SWIFT_ACTIVE_COMPILATION_CONDITIONS = DEBUG;
				SWIFT_OPTIMIZATION_LEVEL = "-Onone";
			};
			name = Debug;
		};
		756EDF162332F55200DE0411 /* Release */ = {
			isa = XCBuildConfiguration;
			buildSettings = {
				ALWAYS_SEARCH_USER_PATHS = NO;
				CLANG_ANALYZER_NONNULL = YES;
				CLANG_ANALYZER_NUMBER_OBJECT_CONVERSION = YES_AGGRESSIVE;
				CLANG_CXX_LANGUAGE_STANDARD = "gnu++14";
				CLANG_CXX_LIBRARY = "libc++";
				CLANG_ENABLE_MODULES = YES;
				CLANG_ENABLE_OBJC_ARC = YES;
				CLANG_ENABLE_OBJC_WEAK = YES;
				CLANG_WARN_BLOCK_CAPTURE_AUTORELEASING = YES;
				CLANG_WARN_BOOL_CONVERSION = YES;
				CLANG_WARN_COMMA = YES;
				CLANG_WARN_CONSTANT_CONVERSION = YES;
				CLANG_WARN_DEPRECATED_OBJC_IMPLEMENTATIONS = YES;
				CLANG_WARN_DIRECT_OBJC_ISA_USAGE = YES_ERROR;
				CLANG_WARN_DOCUMENTATION_COMMENTS = YES;
				CLANG_WARN_EMPTY_BODY = YES;
				CLANG_WARN_ENUM_CONVERSION = YES;
				CLANG_WARN_INFINITE_RECURSION = YES;
				CLANG_WARN_INT_CONVERSION = YES;
				CLANG_WARN_NON_LITERAL_NULL_CONVERSION = YES;
				CLANG_WARN_OBJC_IMPLICIT_RETAIN_SELF = YES;
				CLANG_WARN_OBJC_LITERAL_CONVERSION = YES;
				CLANG_WARN_OBJC_ROOT_CLASS = YES_ERROR;
				CLANG_WARN_RANGE_LOOP_ANALYSIS = YES;
				CLANG_WARN_STRICT_PROTOTYPES = YES;
				CLANG_WARN_SUSPICIOUS_MOVE = YES;
				CLANG_WARN_UNGUARDED_AVAILABILITY = YES_AGGRESSIVE;
				CLANG_WARN_UNREACHABLE_CODE = YES;
				CLANG_WARN__DUPLICATE_METHOD_MATCH = YES;
				COPY_PHASE_STRIP = NO;
				DEBUG_INFORMATION_FORMAT = "dwarf-with-dsym";
				ENABLE_NS_ASSERTIONS = NO;
				ENABLE_STRICT_OBJC_MSGSEND = YES;
				GCC_C_LANGUAGE_STANDARD = gnu11;
				GCC_NO_COMMON_BLOCKS = YES;
				GCC_WARN_64_TO_32_BIT_CONVERSION = YES;
				GCC_WARN_ABOUT_RETURN_TYPE = YES_ERROR;
				GCC_WARN_UNDECLARED_SELECTOR = YES;
				GCC_WARN_UNINITIALIZED_AUTOS = YES_AGGRESSIVE;
				GCC_WARN_UNUSED_FUNCTION = YES;
				GCC_WARN_UNUSED_VARIABLE = YES;
				IPHONEOS_DEPLOYMENT_TARGET = 13.0;
				MTL_ENABLE_DEBUG_INFO = NO;
				MTL_FAST_MATH = YES;
				SDKROOT = iphoneos;
				SWIFT_COMPILATION_MODE = wholemodule;
				SWIFT_OPTIMIZATION_LEVEL = "-O";
				VALIDATE_PRODUCT = YES;
			};
			name = Release;
		};
		756EDF182332F55200DE0411 /* Debug */ = {
			isa = XCBuildConfiguration;
			buildSettings = {
				ASSETCATALOG_COMPILER_APPICON_NAME = AppIcon;
				CODE_SIGN_STYLE = Automatic;
				DEVELOPMENT_ASSET_PATHS = "\"iDine/Preview Content\"";
				ENABLE_PREVIEWS = YES;
				INFOPLIST_FILE = iDine/Info.plist;
				LD_RUNPATH_SEARCH_PATHS = (
					"$(inherited)",
					"@executable_path/Frameworks",
				);
				PRODUCT_BUNDLE_IDENTIFIER = com.example.iDine;
				PRODUCT_NAME = "$(TARGET_NAME)";
				SWIFT_VERSION = 5.0;
				TARGETED_DEVICE_FAMILY = "1,2";
			};
			name = Debug;
		};
		756EDF192332F55200DE0411 /* Release */ = {
			isa = XCBuildConfiguration;
			buildSettings = {
				ASSETCATALOG_COMPILER_APPICON_NAME = AppIcon;
				CODE_SIGN_STYLE = Automatic;
				DEVELOPMENT_ASSET_PATHS = "\"iDine/Preview Content\"";
				ENABLE_PREVIEWS = YES;
				INFOPLIST_FILE = iDine/Info.plist;
				LD_RUNPATH_SEARCH_PATHS = (
					"$(inherited)",
					"@executable_path/Frameworks",
				);
				PRODUCT_BUNDLE_IDENTIFIER = com.example.iDine;
				PRODUCT_NAME = "$(TARGET_NAME)";
				SWIFT_VERSION = 5.0;
				TARGETED_DEVICE_FAMILY = "1,2";
			};
			name = Release;
		};
		756EDF1B2332F55200DE0411 /* Debug */ = {
			isa = XCBuildConfiguration;
			buildSettings = {
				ALWAYS_EMBED_SWIFT_STANDARD_LIBRARIES = YES;
				BUNDLE_LOADER = "$(TEST_HOST)";
				CODE_SIGN_STYLE = Automatic;
				INFOPLIST_FILE = iDineTests/Info.plist;
				IPHONEOS_DEPLOYMENT_TARGET = 13.0;
				LD_RUNPATH_SEARCH_PATHS = (
					"$(inherited)",
					"@executable_path/Frameworks",
					"@loader_path/Frameworks",
				);
				PRODUCT_BUNDLE_IDENTIFIER = com.example.iDineTests;
				PRODUCT_NAME = "$(TARGET_NAME)";
				SWIFT_VERSION = 5.0;
				TARGETED_DEVICE_FAMILY = "1,2";
				TEST_HOST = "$(BUILT_PRODUCTS_DIR)/iDine.app/iDine";
			};
			name = Debug;
		};
		756EDF1C2332F55200DE0411 /* Release */ = {
			isa = XCBuildConfiguration;
			buildSettings = {
				ALWAYS_EMBED_SWIFT_STANDARD_LIBRARIES = YES;
				BUNDLE_LOADER = "$(TEST_HOST)";
				CODE_SIGN_STYLE = Automatic;
				INFOPLIST_FILE = iDineTests/Info.plist;
				IPHONEOS_DEPLOYMENT_TARGET = 13.0;
				LD_RUNPATH_SEARCH_PATHS = (
					"$(inherited)",
					"@executable_path/Frameworks",
					"@loader_path/Frameworks",
				);
				PRODUCT_BUNDLE_IDENTIFIER = com.example.iDineTests;
				PRODUCT_NAME = "$(TARGET_NAME)";
				SWIFT_VERSION = 5.0;
				TARGETED_DEVICE_FAMILY = "1,2";
				TEST_HOST = "$(BUILT_PRODUCTS_DIR)/iDine.app/iDine";
			};
			name = Release;
		};
		756EDF1E2332F55200DE0411 /* Debug */ = {
			isa = XCBuildConfiguration;
			buildSettings = {
				ALWAYS_EMBED_SWIFT_STANDARD_LIBRARIES = YES;
				CODE_SIGN_STYLE = Automatic;
				INFOPLIST_FILE = iDineUITests/Info.plist;
				LD_RUNPATH_SEARCH_PATHS = (
					"$(inherited)",
					"@executable_path/Frameworks",
					"@loader_path/Frameworks",
				);
				PRODUCT_BUNDLE_IDENTIFIER = com.example.iDineUITests;
				PRODUCT_NAME = "$(TARGET_NAME)";
				SWIFT_VERSION = 5.0;
				TARGETED_DEVICE_FAMILY = "1,2";
				TEST_TARGET_NAME = iDine;
			};
			name = Debug;
		};
		756EDF1F2332F55200DE0411 /* Release */ = {
			isa = XCBuildConfiguration;
			buildSettings = {
				ALWAYS_EMBED_SWIFT_STANDARD_LIBRARIES = YES;
				CODE_SIGN_STYLE = Automatic;
				INFOPLIST_FILE = iDineUITests/Info.plist;
				LD_RUNPATH_SEARCH_PATHS = (
					"$(inherited)",
					"@executable_path/Frameworks",
					"@loader_path/Frameworks",
				);
				PRODUCT_BUNDLE_IDENTIFIER = com.example.iDineUITests;
				PRODUCT_NAME = "$(TARGET_NAME)";
				SWIFT_VERSION = 5.0;
				TARGETED_DEVICE_FAMILY = "1,2";
				TEST_TARGET_NAME = iDine;
			};
			name = Release;
		};
/* End XCBuildConfiguration section */

/* Begin XCConfigurationList section */
		756EDEE82332F55100DE0411 /* Build configuration list for PBXProject "iDine" */ = {
			isa = XCConfigurationList;
			buildConfigurations = (
				756EDF152332F55200DE0411 /* Debug */,
				756EDF162332F55200DE0411 /* Release */,
			);
			defaultConfigurationIsVisible = 0;
			defaultConfigurationName = Release;
		};
		756EDF172332F55200DE0411 /* Build configuration list for PBXNativeTarget "iDine" */ = {
			isa = XCConfigurationList;
			buildConfigurations = (
				756EDF182332F55200DE0411 /* Debug */,
				756EDF192332F55200DE0411 /* Release */,
			);
			defaultConfigurationIsVisible = 0;
			defaultConfigurationName = Release;
		};
		756EDF1A2332F55200DE0411 /* Build configuration list for PBXNativeTarget "iDineTests" */ = {
			isa = XCConfigurationList;
			buildConfigurations = (
				756EDF1B2332F55200DE0411 /* Debug */,
				756EDF1C2332F55200DE0411 /* Release */,
			);
			defaultConfigurationIsVisible = 0;
			defaultConfigurationName = Release;
		};
		756EDF1D2332F55200DE0411 /* Build configuration list for PBXNativeTarget "iDineUITests" */ = {
			isa = XCConfigurationList;
			buildConfigurations = (
				756EDF1E2332F55200DE0411 /* Debug */,
				756EDF1F2332F55200DE0411 /* Release */,
			);
			defaultConfigurationIsVisible = 0;
			defaultConfigurationName = Release;
		};
/* End XCConfigurationList section */
	};
	rootObject = 756EDEE52332F55100DE0411 /* Project object */;
}
